
Microsoft Visual Studio Solution File, Format Version 12.00
# Visual Studio 15
VisualStudioVersion = 15.0.28307.1500
MinimumVisualStudioVersion = 10.0.40219.1
Project("{8BC9CEB8-8B4A-11D0-8D11-00A0C91BC942}") = "img_sort", "img_sort\img_sort.vcxproj", "{814CA034-8B34-44E0-85EA-EF78F117CB27}"
EndProject
Project("{8BC9CEB8-8B4A-11D0-8D11-00A0C91BC942}") = "img_sort_test", "img_sort_test\img_sort_test.vcxproj", "{C940B533-5F62-4898-9685-F42C543F5D60}"
EndProject
Global
	GlobalSection(SolutionConfigurationPlatforms) = preSolution
		Debug|x64 = Debug|x64
		Debug|x86 = Debug|x86
		Release|x64 = Release|x64
		Release|x86 = Release|x86
	EndGlobalSection
	GlobalSection(ProjectConfigurationPlatforms) = postSolution
		{814CA034-8B34-44E0-85EA-EF78F117CB27}.Debug|x64.ActiveCfg = Debug|x64
		{814CA034-8B34-44E0-85EA-EF78F117CB27}.Debug|x64.Build.0 = Debug|x64
		{814CA034-8B34-44E0-85EA-EF78F117CB27}.Debug|x86.ActiveCfg = Debug|Win32
		{814CA034-8B34-44E0-85EA-EF78F117CB27}.Debug|x86.Build.0 = Debug|Win32
		{814CA034-8B34-44E0-85EA-EF78F117CB27}.Release|x64.ActiveCfg = Release|x64
		{814CA034-8B34-44E0-85EA-EF78F117CB27}.Release|x64.Build.0 = Release|x64
		{814CA034-8B34-44E0-85EA-EF78F117CB27}.Release|x86.ActiveCfg = Release|Win32
		{814CA034-8B34-44E0-85EA-EF78F117CB27}.Release|x86.Build.0 = Release|Win32
		{C940B533-5F62-4898-9685-F42C543F5D60}.Debug|x64.ActiveCfg = Debug|x64
		{C940B533-5F62-4898-9685-F42C543F5D60}.Debug|x64.Build.0 = Debug|x64
		{C940B533-5F62-4898-9685-F42C543F5D60}.Debug|x86.ActiveCfg = Debug|Win32
		{C940B533-5F62-4898-9685-F42C543F5D60}.Debug|x86.Build.0 = Debug|Win32
		{C940B533-5F62-4898-9685-F42C543F5D60}.Release|x64.ActiveCfg = Release|x64
		{C940B533-5F62-4898-9685-F42C543F5D60}.Release|x64.Build.0 = Release|x64
		{C940B533-5F62-4898-9685-F42C543F5D60}.Release|x86.ActiveCfg = Release|Win32
		{C940B533-5F62-4898-9685-F42C543F5D60}.Release|x86.Build.0 = Release|Win32
	EndGlobalSection
	GlobalSection(SolutionProperties) = preSolution
		HideSolutionNode = FALSE
	EndGlobalSection
	GlobalSection(ExtensibilityGlobals) = postSolution
		SolutionGuid = {2AE46B87-A7EA-4F28-B805-6A556A199933}
	EndGlobalSection
EndGlobal
